
Microsoft Visual Studio Solution File, Format Version 12.00
# Visual Studio Version 16
VisualStudioVersion = 16.0.30907.101
MinimumVisualStudioVersion = 10.0.40219.1
Project("{FAE04EC0-301F-11D3-BF4B-00C04F79EFBC}") = "Party", "Party\Party.csproj", "{0A887B77-38C2-4BE7-B1E0-55302EDC313D}"
EndProject
Global
	GlobalSection(SolutionConfigurationPlatforms) = preSolution
		Debug|Any CPU = Debug|Any CPU
		Release|Any CPU = Release|Any CPU
	EndGlobalSection
	GlobalSection(ProjectConfigurationPlatforms) = postSolution
		{0A887B77-38C2-4BE7-B1E0-55302EDC313D}.Debug|Any CPU.ActiveCfg = Debug|Any CPU
		{0A887B77-38C2-4BE7-B1E0-55302EDC313D}.Debug|Any CPU.Build.0 = Debug|Any CPU
		{0A887B77-38C2-4BE7-B1E0-55302EDC313D}.Release|Any CPU.ActiveCfg = Release|Any CPU
		{0A887B77-38C2-4BE7-B1E0-55302EDC313D}.Release|Any CPU.Build.0 = Release|Any CPU
	EndGlobalSection
	GlobalSection(SolutionProperties) = preSolution
		HideSolutionNode = FALSE
	EndGlobalSection
	GlobalSection(ExtensibilityGlobals) = postSolution
		SolutionGuid = {1F0832DA-40B6-479D-9A7C-80DA8BC3943B}
	EndGlobalSection
EndGlobal
